<Solution>
  <Folder Name="/benchmarks/">
    <Project Path="benchmarks/MATTAR.PerformanceCollections.Benchmarks/MATTAR.PerformanceCollections.Benchmarks.csproj" />
  </Folder>
  <Folder Name="/src/">
    <Project Path="src/MATTAR.PerformanceCollections/MATTAR.PerformanceCollections.csproj" />
  </Folder>
  <Folder Name="/tests/">
    <Project Path="tests/MATTAR.PerformanceCollections.Tests/MATTAR.PerformanceCollections.Tests.csproj" />
  </Folder>
</Solution>
